
Microsoft Visual Studio Solution File, Format Version 12.00
# Visual Studio Version 17
VisualStudioVersion = 17.1.32407.343
MinimumVisualStudioVersion = 10.0.40219.1
Project("{2150E333-8FDC-42A3-9474-1A3956D46DE8}") = "1-Application", "1-Application", "{37696D27-B613-44DA-B4BE-E3FE7193FFF6}"
EndProject
Project("{2150E333-8FDC-42A3-9474-1A3956D46DE8}") = "2-Domain", "2-Domain", "{8DF6B9FA-FDBD-40C2-A6B7-9840CFED88AD}"
EndProject
Project("{2150E333-8FDC-42A3-9474-1A3956D46DE8}") = "3-Services", "3-Services", "{AA833406-35BA-4A0C-9129-F1F9F574B695}"
EndProject
Project("{2150E333-8FDC-42A3-9474-1A3956D46DE8}") = "4-Infra", "4-Infra", "{5C858B73-3557-4CF6-B533-709630EDD48F}"
EndProject
Project("{9A19103F-16F7-4668-BE54-9A1E7A4F7556}") = "WebMvc", "WebMvc\WebMvc.csproj", "{8268614B-BBB8-4504-9964-97CFB3B92065}"
EndProject
Project("{9A19103F-16F7-4668-BE54-9A1E7A4F7556}") = "Services", "Services\Services.csproj", "{3111A148-B5A5-48BB-B9C7-71A1F4B3BD02}"
EndProject
Project("{2150E333-8FDC-42A3-9474-1A3956D46DE8}") = "CrossCutting", "CrossCutting", "{17750B45-1DCD-452F-B53B-7FD5FAFA42C3}"
EndProject
Project("{2150E333-8FDC-42A3-9474-1A3956D46DE8}") = "Data", "Data", "{048CE1FB-5B07-45E9-B9DA-9FDAB739375E}"
EndProject
Project("{9A19103F-16F7-4668-BE54-9A1E7A4F7556}") = "Data", "Data\Data.csproj", "{0EF0D559-D0B3-4B39-8313-E13C71217D78}"
EndProject
Project("{9A19103F-16F7-4668-BE54-9A1E7A4F7556}") = "IdentidadeApi", "IdentidadeApi\IdentidadeApi.csproj", "{48FD0B09-2DB2-4288-A9BB-C5AF1BBF1A79}"
EndProject
Global
	GlobalSection(SolutionConfigurationPlatforms) = preSolution
		Debug|Any CPU = Debug|Any CPU
		Release|Any CPU = Release|Any CPU
	EndGlobalSection
	GlobalSection(ProjectConfigurationPlatforms) = postSolution
		{8268614B-BBB8-4504-9964-97CFB3B92065}.Debug|Any CPU.ActiveCfg = Debug|Any CPU
		{8268614B-BBB8-4504-9964-97CFB3B92065}.Debug|Any CPU.Build.0 = Debug|Any CPU
		{8268614B-BBB8-4504-9964-97CFB3B92065}.Release|Any CPU.ActiveCfg = Release|Any CPU
		{8268614B-BBB8-4504-9964-97CFB3B92065}.Release|Any CPU.Build.0 = Release|Any CPU
		{3111A148-B5A5-48BB-B9C7-71A1F4B3BD02}.Debug|Any CPU.ActiveCfg = Debug|Any CPU
		{3111A148-B5A5-48BB-B9C7-71A1F4B3BD02}.Debug|Any CPU.Build.0 = Debug|Any CPU
		{3111A148-B5A5-48BB-B9C7-71A1F4B3BD02}.Release|Any CPU.ActiveCfg = Release|Any CPU
		{3111A148-B5A5-48BB-B9C7-71A1F4B3BD02}.Release|Any CPU.Build.0 = Release|Any CPU
		{0EF0D559-D0B3-4B39-8313-E13C71217D78}.Debug|Any CPU.ActiveCfg = Debug|Any CPU
		{0EF0D559-D0B3-4B39-8313-E13C71217D78}.Debug|Any CPU.Build.0 = Debug|Any CPU
		{0EF0D559-D0B3-4B39-8313-E13C71217D78}.Release|Any CPU.ActiveCfg = Release|Any CPU
		{0EF0D559-D0B3-4B39-8313-E13C71217D78}.Release|Any CPU.Build.0 = Release|Any CPU
		{48FD0B09-2DB2-4288-A9BB-C5AF1BBF1A79}.Debug|Any CPU.ActiveCfg = Debug|Any CPU
		{48FD0B09-2DB2-4288-A9BB-C5AF1BBF1A79}.Debug|Any CPU.Build.0 = Debug|Any CPU
		{48FD0B09-2DB2-4288-A9BB-C5AF1BBF1A79}.Release|Any CPU.ActiveCfg = Release|Any CPU
		{48FD0B09-2DB2-4288-A9BB-C5AF1BBF1A79}.Release|Any CPU.Build.0 = Release|Any CPU
	EndGlobalSection
	GlobalSection(SolutionProperties) = preSolution
		HideSolutionNode = FALSE
	EndGlobalSection
	GlobalSection(NestedProjects) = preSolution
		{8268614B-BBB8-4504-9964-97CFB3B92065} = {37696D27-B613-44DA-B4BE-E3FE7193FFF6}
		{3111A148-B5A5-48BB-B9C7-71A1F4B3BD02} = {AA833406-35BA-4A0C-9129-F1F9F574B695}
		{17750B45-1DCD-452F-B53B-7FD5FAFA42C3} = {5C858B73-3557-4CF6-B533-709630EDD48F}
		{048CE1FB-5B07-45E9-B9DA-9FDAB739375E} = {5C858B73-3557-4CF6-B533-709630EDD48F}
		{0EF0D559-D0B3-4B39-8313-E13C71217D78} = {048CE1FB-5B07-45E9-B9DA-9FDAB739375E}
		{48FD0B09-2DB2-4288-A9BB-C5AF1BBF1A79} = {37696D27-B613-44DA-B4BE-E3FE7193FFF6}
	EndGlobalSection
	GlobalSection(ExtensibilityGlobals) = postSolution
		SolutionGuid = {5EECD29A-8BB8-49B2-8672-43687AE63287}
	EndGlobalSection
EndGlobal
